
Microsoft Visual Studio Solution File, Format Version 12.00
# Visual Studio Version 17
VisualStudioVersion = 17.2.32630.192
MinimumVisualStudioVersion = 10.0.40219.1
Project("{FAE04EC0-301F-11D3-BF4B-00C04F79EFBC}") = "SocketServer", "SocketServer\SocketServer.csproj", "{AB109BDD-1B60-4DA2-A3B6-C7C837890AAF}"
EndProject
Project("{FAE04EC0-301F-11D3-BF4B-00C04F79EFBC}") = "PQBook", "PQBook\PQBook.csproj", "{3A28B1D4-AAC8-41B9-8065-5C3D6154944C}"
EndProject
Project("{9A19103F-16F7-4668-BE54-9A1E7A4F7556}") = "WinFormsApp1", "WinFormsApp1\WinFormsApp1.csproj", "{144CDC58-2786-4AE7-929C-4B2D33D8761E}"
EndProject
Project("{9A19103F-16F7-4668-BE54-9A1E7A4F7556}") = "TestProject1", "TestProject1\TestProject1.csproj", "{D0311FB1-3CD6-4716-AE53-D3FE9C1D8F71}"
EndProject
Project("{FAE04EC0-301F-11D3-BF4B-00C04F79EFBC}") = "PQBookTests", "PQBookTests\PQBookTests.csproj", "{01D4EA52-C24D-4844-93CC-EF1B64149753}"
EndProject
Project("{FAE04EC0-301F-11D3-BF4B-00C04F79EFBC}") = "DeBugWGSD", "DeBugWGSD\DeBugWGSD.csproj", "{1EF5C654-1BD0-48F1-BDA8-4A5FF0E7689E}"
EndProject
Global
	GlobalSection(SolutionConfigurationPlatforms) = preSolution
		Debug|Any CPU = Debug|Any CPU
		Release|Any CPU = Release|Any CPU
	EndGlobalSection
	GlobalSection(ProjectConfigurationPlatforms) = postSolution
		{AB109BDD-1B60-4DA2-A3B6-C7C837890AAF}.Debug|Any CPU.ActiveCfg = Debug|Any CPU
		{AB109BDD-1B60-4DA2-A3B6-C7C837890AAF}.Debug|Any CPU.Build.0 = Debug|Any CPU
		{AB109BDD-1B60-4DA2-A3B6-C7C837890AAF}.Release|Any CPU.ActiveCfg = Release|Any CPU
		{AB109BDD-1B60-4DA2-A3B6-C7C837890AAF}.Release|Any CPU.Build.0 = Release|Any CPU
		{3A28B1D4-AAC8-41B9-8065-5C3D6154944C}.Debug|Any CPU.ActiveCfg = Debug|Any CPU
		{3A28B1D4-AAC8-41B9-8065-5C3D6154944C}.Debug|Any CPU.Build.0 = Debug|Any CPU
		{3A28B1D4-AAC8-41B9-8065-5C3D6154944C}.Release|Any CPU.ActiveCfg = Release|Any CPU
		{3A28B1D4-AAC8-41B9-8065-5C3D6154944C}.Release|Any CPU.Build.0 = Release|Any CPU
		{144CDC58-2786-4AE7-929C-4B2D33D8761E}.Debug|Any CPU.ActiveCfg = Debug|Any CPU
		{144CDC58-2786-4AE7-929C-4B2D33D8761E}.Debug|Any CPU.Build.0 = Debug|Any CPU
		{144CDC58-2786-4AE7-929C-4B2D33D8761E}.Release|Any CPU.ActiveCfg = Release|Any CPU
		{144CDC58-2786-4AE7-929C-4B2D33D8761E}.Release|Any CPU.Build.0 = Release|Any CPU
		{D0311FB1-3CD6-4716-AE53-D3FE9C1D8F71}.Debug|Any CPU.ActiveCfg = Debug|Any CPU
		{D0311FB1-3CD6-4716-AE53-D3FE9C1D8F71}.Debug|Any CPU.Build.0 = Debug|Any CPU
		{D0311FB1-3CD6-4716-AE53-D3FE9C1D8F71}.Release|Any CPU.ActiveCfg = Release|Any CPU
		{D0311FB1-3CD6-4716-AE53-D3FE9C1D8F71}.Release|Any CPU.Build.0 = Release|Any CPU
		{01D4EA52-C24D-4844-93CC-EF1B64149753}.Debug|Any CPU.ActiveCfg = Debug|Any CPU
		{01D4EA52-C24D-4844-93CC-EF1B64149753}.Debug|Any CPU.Build.0 = Debug|Any CPU
		{01D4EA52-C24D-4844-93CC-EF1B64149753}.Release|Any CPU.ActiveCfg = Release|Any CPU
		{01D4EA52-C24D-4844-93CC-EF1B64149753}.Release|Any CPU.Build.0 = Release|Any CPU
		{1EF5C654-1BD0-48F1-BDA8-4A5FF0E7689E}.Debug|Any CPU.ActiveCfg = Debug|Any CPU
		{1EF5C654-1BD0-48F1-BDA8-4A5FF0E7689E}.Debug|Any CPU.Build.0 = Debug|Any CPU
		{1EF5C654-1BD0-48F1-BDA8-4A5FF0E7689E}.Release|Any CPU.ActiveCfg = Release|Any CPU
		{1EF5C654-1BD0-48F1-BDA8-4A5FF0E7689E}.Release|Any CPU.Build.0 = Release|Any CPU
	EndGlobalSection
	GlobalSection(SolutionProperties) = preSolution
		HideSolutionNode = FALSE
	EndGlobalSection
	GlobalSection(ExtensibilityGlobals) = postSolution
		SolutionGuid = {8EBECD41-9332-443E-B2E5-2179035CC159}
	EndGlobalSection
EndGlobal
